
Microsoft Visual Studio Solution File, Format Version 12.00
# Visual Studio 15
VisualStudioVersion = 15.0.28010.2036
MinimumVisualStudioVersion = 10.0.40219.1
Project("{FAE04EC0-301F-11D3-BF4B-00C04F79EFBC}") = "LMP-Lua", "src\LMP-Lua\LMP-Lua.csproj", "{C7746991-C0D6-4945-81C2-169392D94169}"
EndProject
Global
	GlobalSection(SolutionConfigurationPlatforms) = preSolution
		Debug|Any CPU = Debug|Any CPU
		Release|Any CPU = Release|Any CPU
	EndGlobalSection
	GlobalSection(ProjectConfigurationPlatforms) = postSolution
		{C7746991-C0D6-4945-81C2-169392D94169}.Debug|Any CPU.ActiveCfg = Debug|Any CPU
		{C7746991-C0D6-4945-81C2-169392D94169}.Debug|Any CPU.Build.0 = Debug|Any CPU
		{C7746991-C0D6-4945-81C2-169392D94169}.Release|Any CPU.ActiveCfg = Release|Any CPU
		{C7746991-C0D6-4945-81C2-169392D94169}.Release|Any CPU.Build.0 = Release|Any CPU
	EndGlobalSection
	GlobalSection(SolutionProperties) = preSolution
		HideSolutionNode = FALSE
	EndGlobalSection
	GlobalSection(ExtensibilityGlobals) = postSolution
		SolutionGuid = {51F4AECC-23DD-40BB-94CB-05D7E1CCAE92}
	EndGlobalSection
EndGlobal
